
Microsoft Visual Studio Solution File, Format Version 12.00
# Visual Studio Version 16
VisualStudioVersion = 16.0.29806.167
MinimumVisualStudioVersion = 10.0.40219.1
Project("{9A19103F-16F7-4668-BE54-9A1E7A4F7556}") = "WebApi", "WebApi\WebApi.csproj", "{332F45B2-B8FD-4D94-BD8A-25A055F1DEE5}"
EndProject
Project("{FAE04EC0-301F-11D3-BF4B-00C04F79EFBC}") = "MobileClient.Android", "MobileClient\MobileClient.Android\MobileClient.Android.csproj", "{FB501C1C-E2EE-4C9F-B152-CF2B3B1936C7}"
EndProject
Project("{FAE04EC0-301F-11D3-BF4B-00C04F79EFBC}") = "MobileClient", "MobileClient\MobileClient\MobileClient.csproj", "{1E5DB443-C0DE-4D72-BD83-1CCE0140D8D1}"
EndProject
Global
	GlobalSection(SolutionConfigurationPlatforms) = preSolution
		Debug|Any CPU = Debug|Any CPU
		Debug|iPhone = Debug|iPhone
		Debug|iPhoneSimulator = Debug|iPhoneSimulator
		Release|Any CPU = Release|Any CPU
		Release|iPhone = Release|iPhone
		Release|iPhoneSimulator = Release|iPhoneSimulator
	EndGlobalSection
	GlobalSection(ProjectConfigurationPlatforms) = postSolution
		{332F45B2-B8FD-4D94-BD8A-25A055F1DEE5}.Debug|Any CPU.ActiveCfg = Debug|Any CPU
		{332F45B2-B8FD-4D94-BD8A-25A055F1DEE5}.Debug|Any CPU.Build.0 = Debug|Any CPU
		{332F45B2-B8FD-4D94-BD8A-25A055F1DEE5}.Debug|iPhone.ActiveCfg = Debug|Any CPU
		{332F45B2-B8FD-4D94-BD8A-25A055F1DEE5}.Debug|iPhone.Build.0 = Debug|Any CPU
		{332F45B2-B8FD-4D94-BD8A-25A055F1DEE5}.Debug|iPhoneSimulator.ActiveCfg = Debug|Any CPU
		{332F45B2-B8FD-4D94-BD8A-25A055F1DEE5}.Debug|iPhoneSimulator.Build.0 = Debug|Any CPU
		{332F45B2-B8FD-4D94-BD8A-25A055F1DEE5}.Release|Any CPU.ActiveCfg = Release|Any CPU
		{332F45B2-B8FD-4D94-BD8A-25A055F1DEE5}.Release|Any CPU.Build.0 = Release|Any CPU
		{332F45B2-B8FD-4D94-BD8A-25A055F1DEE5}.Release|iPhone.ActiveCfg = Release|Any CPU
		{332F45B2-B8FD-4D94-BD8A-25A055F1DEE5}.Release|iPhone.Build.0 = Release|Any CPU
		{332F45B2-B8FD-4D94-BD8A-25A055F1DEE5}.Release|iPhoneSimulator.ActiveCfg = Release|Any CPU
		{332F45B2-B8FD-4D94-BD8A-25A055F1DEE5}.Release|iPhoneSimulator.Build.0 = Release|Any CPU
		{FB501C1C-E2EE-4C9F-B152-CF2B3B1936C7}.Debug|Any CPU.ActiveCfg = Debug|Any CPU
		{FB501C1C-E2EE-4C9F-B152-CF2B3B1936C7}.Debug|Any CPU.Build.0 = Debug|Any CPU
		{FB501C1C-E2EE-4C9F-B152-CF2B3B1936C7}.Debug|Any CPU.Deploy.0 = Debug|Any CPU
		{FB501C1C-E2EE-4C9F-B152-CF2B3B1936C7}.Debug|iPhone.ActiveCfg = Debug|Any CPU
		{FB501C1C-E2EE-4C9F-B152-CF2B3B1936C7}.Debug|iPhone.Build.0 = Debug|Any CPU
		{FB501C1C-E2EE-4C9F-B152-CF2B3B1936C7}.Debug|iPhone.Deploy.0 = Debug|Any CPU
		{FB501C1C-E2EE-4C9F-B152-CF2B3B1936C7}.Debug|iPhoneSimulator.ActiveCfg = Debug|Any CPU
		{FB501C1C-E2EE-4C9F-B152-CF2B3B1936C7}.Debug|iPhoneSimulator.Build.0 = Debug|Any CPU
		{FB501C1C-E2EE-4C9F-B152-CF2B3B1936C7}.Debug|iPhoneSimulator.Deploy.0 = Debug|Any CPU
		{FB501C1C-E2EE-4C9F-B152-CF2B3B1936C7}.Release|Any CPU.ActiveCfg = Release|Any CPU
		{FB501C1C-E2EE-4C9F-B152-CF2B3B1936C7}.Release|Any CPU.Build.0 = Release|Any CPU
		{FB501C1C-E2EE-4C9F-B152-CF2B3B1936C7}.Release|Any CPU.Deploy.0 = Release|Any CPU
		{FB501C1C-E2EE-4C9F-B152-CF2B3B1936C7}.Release|iPhone.ActiveCfg = Release|Any CPU
		{FB501C1C-E2EE-4C9F-B152-CF2B3B1936C7}.Release|iPhone.Build.0 = Release|Any CPU
		{FB501C1C-E2EE-4C9F-B152-CF2B3B1936C7}.Release|iPhone.Deploy.0 = Release|Any CPU
		{FB501C1C-E2EE-4C9F-B152-CF2B3B1936C7}.Release|iPhoneSimulator.ActiveCfg = Release|Any CPU
		{FB501C1C-E2EE-4C9F-B152-CF2B3B1936C7}.Release|iPhoneSimulator.Build.0 = Release|Any CPU
		{FB501C1C-E2EE-4C9F-B152-CF2B3B1936C7}.Release|iPhoneSimulator.Deploy.0 = Release|Any CPU
		{1E5DB443-C0DE-4D72-BD83-1CCE0140D8D1}.Debug|Any CPU.ActiveCfg = Debug|Any CPU
		{1E5DB443-C0DE-4D72-BD83-1CCE0140D8D1}.Debug|Any CPU.Build.0 = Debug|Any CPU
		{1E5DB443-C0DE-4D72-BD83-1CCE0140D8D1}.Debug|iPhone.ActiveCfg = Debug|Any CPU
		{1E5DB443-C0DE-4D72-BD83-1CCE0140D8D1}.Debug|iPhone.Build.0 = Debug|Any CPU
		{1E5DB443-C0DE-4D72-BD83-1CCE0140D8D1}.Debug|iPhoneSimulator.ActiveCfg = Debug|Any CPU
		{1E5DB443-C0DE-4D72-BD83-1CCE0140D8D1}.Debug|iPhoneSimulator.Build.0 = Debug|Any CPU
		{1E5DB443-C0DE-4D72-BD83-1CCE0140D8D1}.Release|Any CPU.ActiveCfg = Release|Any CPU
		{1E5DB443-C0DE-4D72-BD83-1CCE0140D8D1}.Release|Any CPU.Build.0 = Release|Any CPU
		{1E5DB443-C0DE-4D72-BD83-1CCE0140D8D1}.Release|iPhone.ActiveCfg = Release|Any CPU
		{1E5DB443-C0DE-4D72-BD83-1CCE0140D8D1}.Release|iPhone.Build.0 = Release|Any CPU
		{1E5DB443-C0DE-4D72-BD83-1CCE0140D8D1}.Release|iPhoneSimulator.ActiveCfg = Release|Any CPU
		{1E5DB443-C0DE-4D72-BD83-1CCE0140D8D1}.Release|iPhoneSimulator.Build.0 = Release|Any CPU
	EndGlobalSection
	GlobalSection(SolutionProperties) = preSolution
		HideSolutionNode = FALSE
	EndGlobalSection
	GlobalSection(ExtensibilityGlobals) = postSolution
		SolutionGuid = {9392ABC7-2307-4FB5-BAD8-06813C46B1A6}
	EndGlobalSection
EndGlobal
